
Microsoft Visual Studio Solution File, Format Version 12.00
# Visual Studio Version 16
VisualStudioVersion = 16.0.31205.134
MinimumVisualStudioVersion = 10.0.40219.1
Project("{9A19103F-16F7-4668-BE54-9A1E7A4F7556}") = "OnlinePortal.Api", "OnlinePortal.Api\OnlinePortal.Api.csproj", "{AD19947E-0DDB-4C03-B9F1-82D09A8AB866}"
EndProject
Project("{FAE04EC0-301F-11D3-BF4B-00C04F79EFBC}") = "OnlineShoppingDbContext", "OnlineShoppingDbContext\OnlineShoppingDbContext.csproj", "{3C3245C0-3F9E-4497-AB2D-9F8A4E3896F4}"
EndProject
Global
	GlobalSection(SolutionConfigurationPlatforms) = preSolution
		Debug|Any CPU = Debug|Any CPU
		Release|Any CPU = Release|Any CPU
	EndGlobalSection
	GlobalSection(ProjectConfigurationPlatforms) = postSolution
		{AD19947E-0DDB-4C03-B9F1-82D09A8AB866}.Debug|Any CPU.ActiveCfg = Debug|Any CPU
		{AD19947E-0DDB-4C03-B9F1-82D09A8AB866}.Debug|Any CPU.Build.0 = Debug|Any CPU
		{AD19947E-0DDB-4C03-B9F1-82D09A8AB866}.Release|Any CPU.ActiveCfg = Release|Any CPU
		{AD19947E-0DDB-4C03-B9F1-82D09A8AB866}.Release|Any CPU.Build.0 = Release|Any CPU
		{3C3245C0-3F9E-4497-AB2D-9F8A4E3896F4}.Debug|Any CPU.ActiveCfg = Debug|Any CPU
		{3C3245C0-3F9E-4497-AB2D-9F8A4E3896F4}.Debug|Any CPU.Build.0 = Debug|Any CPU
		{3C3245C0-3F9E-4497-AB2D-9F8A4E3896F4}.Release|Any CPU.ActiveCfg = Release|Any CPU
		{3C3245C0-3F9E-4497-AB2D-9F8A4E3896F4}.Release|Any CPU.Build.0 = Release|Any CPU
	EndGlobalSection
	GlobalSection(SolutionProperties) = preSolution
		HideSolutionNode = FALSE
	EndGlobalSection
	GlobalSection(ExtensibilityGlobals) = postSolution
		SolutionGuid = {37AE150C-ABC6-4D3A-A447-BF9DFC64E3E8}
	EndGlobalSection
EndGlobal
